
Microsoft Visual Studio Solution File, Format Version 12.00
# Visual Studio Version 17
VisualStudioVersion = 17.9.34607.119
MinimumVisualStudioVersion = 10.0.40219.1
Project("{FAE04EC0-301F-11D3-BF4B-00C04F79EFBC}") = "MVCApplication", "MVCApplication.csproj", "{AD88319B-5C94-4720-8139-FD633A7AD069}"
EndProject
Global
	GlobalSection(SolutionConfigurationPlatforms) = preSolution
		Debug|Any CPU = Debug|Any CPU
		Release|Any CPU = Release|Any CPU
	EndGlobalSection
	GlobalSection(ProjectConfigurationPlatforms) = postSolution
		{AD88319B-5C94-4720-8139-FD633A7AD069}.Debug|Any CPU.ActiveCfg = Debug|Any CPU
		{AD88319B-5C94-4720-8139-FD633A7AD069}.Debug|Any CPU.Build.0 = Debug|Any CPU
		{AD88319B-5C94-4720-8139-FD633A7AD069}.Release|Any CPU.ActiveCfg = Release|Any CPU
		{AD88319B-5C94-4720-8139-FD633A7AD069}.Release|Any CPU.Build.0 = Release|Any CPU
	EndGlobalSection
	GlobalSection(SolutionProperties) = preSolution
		HideSolutionNode = FALSE
	EndGlobalSection
	GlobalSection(ExtensibilityGlobals) = postSolution
		SolutionGuid = {4E061160-CD76-44BB-9B34-40F42AE3E56C}
	EndGlobalSection
EndGlobal
